
Microsoft Visual Studio Solution File, Format Version 12.00
# Visual Studio 15
VisualStudioVersion = 15.0.28307.705
MinimumVisualStudioVersion = 10.0.40219.1
Project("{9A19103F-16F7-4668-BE54-9A1E7A4F7556}") = "CardForm", "CardEntry\CardForm.csproj", "{E0E450CC-E066-4D50-BBD7-0D091930248F}"
EndProject
Global
	GlobalSection(SolutionConfigurationPlatforms) = preSolution
		Debug|Any CPU = Debug|Any CPU
		Debug|iPhone = Debug|iPhone
		Debug|iPhoneSimulator = Debug|iPhoneSimulator
		Release|Any CPU = Release|Any CPU
		Release|iPhone = Release|iPhone
		Release|iPhoneSimulator = Release|iPhoneSimulator
	EndGlobalSection
	GlobalSection(ProjectConfigurationPlatforms) = postSolution
		{E0E450CC-E066-4D50-BBD7-0D091930248F}.Debug|Any CPU.ActiveCfg = Debug|Any CPU
		{E0E450CC-E066-4D50-BBD7-0D091930248F}.Debug|Any CPU.Build.0 = Debug|Any CPU
		{E0E450CC-E066-4D50-BBD7-0D091930248F}.Debug|iPhone.ActiveCfg = Debug|Any CPU
		{E0E450CC-E066-4D50-BBD7-0D091930248F}.Debug|iPhone.Build.0 = Debug|Any CPU
		{E0E450CC-E066-4D50-BBD7-0D091930248F}.Debug|iPhoneSimulator.ActiveCfg = Debug|Any CPU
		{E0E450CC-E066-4D50-BBD7-0D091930248F}.Debug|iPhoneSimulator.Build.0 = Debug|Any CPU
		{E0E450CC-E066-4D50-BBD7-0D091930248F}.Release|Any CPU.ActiveCfg = Release|Any CPU
		{E0E450CC-E066-4D50-BBD7-0D091930248F}.Release|Any CPU.Build.0 = Release|Any CPU
		{E0E450CC-E066-4D50-BBD7-0D091930248F}.Release|iPhone.ActiveCfg = Release|Any CPU
		{E0E450CC-E066-4D50-BBD7-0D091930248F}.Release|iPhone.Build.0 = Release|Any CPU
		{E0E450CC-E066-4D50-BBD7-0D091930248F}.Release|iPhoneSimulator.ActiveCfg = Release|Any CPU
		{E0E450CC-E066-4D50-BBD7-0D091930248F}.Release|iPhoneSimulator.Build.0 = Release|Any CPU
	EndGlobalSection
	GlobalSection(SolutionProperties) = preSolution
		HideSolutionNode = FALSE
	EndGlobalSection
	GlobalSection(ExtensibilityGlobals) = postSolution
		SolutionGuid = {20C22069-402A-4736-82D5-71903D9FA728}
	EndGlobalSection
EndGlobal
