
Microsoft Visual Studio Solution File, Format Version 12.00
# Visual Studio 15
VisualStudioVersion = 15.0.28307.705
MinimumVisualStudioVersion = 10.0.40219.1
Project("{9A19103F-16F7-4668-BE54-9A1E7A4F7556}") = "CardForm", "CardEntry\CardForm.csproj", "{E0E450CC-E066-4D50-BBD7-0D091930248F}"
EndProject
Project("{FAE04EC0-301F-11D3-BF4B-00C04F79EFBC}") = "Sample.Android", "..\sample\Sample.Android\Sample.Android.csproj", "{306E9BB5-3E14-4FCF-8531-0F5B4CE5CA06}"
EndProject
Project("{FAE04EC0-301F-11D3-BF4B-00C04F79EFBC}") = "Sample.iOS", "..\sample\Sample.iOS\Sample.iOS.csproj", "{4BDBC8FD-7F54-4E0D-A930-97E2F93750A9}"
EndProject
Project("{FAE04EC0-301F-11D3-BF4B-00C04F79EFBC}") = "Sample.UWP", "..\sample\Sample.UWP\Sample.UWP.csproj", "{779436AA-3C1C-475D-8816-E99CDBBBF44E}"
EndProject
Project("{9A19103F-16F7-4668-BE54-9A1E7A4F7556}") = "Sample", "..\sample\Sample\Sample.csproj", "{C7D5859B-4251-4645-AE6A-D678EA2C4B64}"
EndProject
Global
	GlobalSection(SolutionConfigurationPlatforms) = preSolution
		Ad-Hoc|Any CPU = Ad-Hoc|Any CPU
		Ad-Hoc|ARM = Ad-Hoc|ARM
		Ad-Hoc|iPhone = Ad-Hoc|iPhone
		Ad-Hoc|iPhoneSimulator = Ad-Hoc|iPhoneSimulator
		Ad-Hoc|x64 = Ad-Hoc|x64
		Ad-Hoc|x86 = Ad-Hoc|x86
		AppStore|Any CPU = AppStore|Any CPU
		AppStore|ARM = AppStore|ARM
		AppStore|iPhone = AppStore|iPhone
		AppStore|iPhoneSimulator = AppStore|iPhoneSimulator
		AppStore|x64 = AppStore|x64
		AppStore|x86 = AppStore|x86
		Debug|Any CPU = Debug|Any CPU
		Debug|ARM = Debug|ARM
		Debug|iPhone = Debug|iPhone
		Debug|iPhoneSimulator = Debug|iPhoneSimulator
		Debug|x64 = Debug|x64
		Debug|x86 = Debug|x86
		Release|Any CPU = Release|Any CPU
		Release|ARM = Release|ARM
		Release|iPhone = Release|iPhone
		Release|iPhoneSimulator = Release|iPhoneSimulator
		Release|x64 = Release|x64
		Release|x86 = Release|x86
	EndGlobalSection
	GlobalSection(ProjectConfigurationPlatforms) = postSolution
		{E0E450CC-E066-4D50-BBD7-0D091930248F}.Ad-Hoc|Any CPU.ActiveCfg = Release|Any CPU
		{E0E450CC-E066-4D50-BBD7-0D091930248F}.Ad-Hoc|Any CPU.Build.0 = Release|Any CPU
		{E0E450CC-E066-4D50-BBD7-0D091930248F}.Ad-Hoc|ARM.ActiveCfg = Release|Any CPU
		{E0E450CC-E066-4D50-BBD7-0D091930248F}.Ad-Hoc|ARM.Build.0 = Release|Any CPU
		{E0E450CC-E066-4D50-BBD7-0D091930248F}.Ad-Hoc|iPhone.ActiveCfg = Release|Any CPU
		{E0E450CC-E066-4D50-BBD7-0D091930248F}.Ad-Hoc|iPhone.Build.0 = Release|Any CPU
		{E0E450CC-E066-4D50-BBD7-0D091930248F}.Ad-Hoc|iPhoneSimulator.ActiveCfg = Release|Any CPU
		{E0E450CC-E066-4D50-BBD7-0D091930248F}.Ad-Hoc|iPhoneSimulator.Build.0 = Release|Any CPU
		{E0E450CC-E066-4D50-BBD7-0D091930248F}.Ad-Hoc|x64.ActiveCfg = Release|Any CPU
		{E0E450CC-E066-4D50-BBD7-0D091930248F}.Ad-Hoc|x64.Build.0 = Release|Any CPU
		{E0E450CC-E066-4D50-BBD7-0D091930248F}.Ad-Hoc|x86.ActiveCfg = Release|Any CPU
		{E0E450CC-E066-4D50-BBD7-0D091930248F}.Ad-Hoc|x86.Build.0 = Release|Any CPU
		{E0E450CC-E066-4D50-BBD7-0D091930248F}.AppStore|Any CPU.ActiveCfg = Release|Any CPU
		{E0E450CC-E066-4D50-BBD7-0D091930248F}.AppStore|Any CPU.Build.0 = Release|Any CPU
		{E0E450CC-E066-4D50-BBD7-0D091930248F}.AppStore|ARM.ActiveCfg = Release|Any CPU
		{E0E450CC-E066-4D50-BBD7-0D091930248F}.AppStore|ARM.Build.0 = Release|Any CPU
		{E0E450CC-E066-4D50-BBD7-0D091930248F}.AppStore|iPhone.ActiveCfg = Release|Any CPU
		{E0E450CC-E066-4D50-BBD7-0D091930248F}.AppStore|iPhone.Build.0 = Release|Any CPU
		{E0E450CC-E066-4D50-BBD7-0D091930248F}.AppStore|iPhoneSimulator.ActiveCfg = Release|Any CPU
		{E0E450CC-E066-4D50-BBD7-0D091930248F}.AppStore|iPhoneSimulator.Build.0 = Release|Any CPU
		{E0E450CC-E066-4D50-BBD7-0D091930248F}.AppStore|x64.ActiveCfg = Release|Any CPU
		{E0E450CC-E066-4D50-BBD7-0D091930248F}.AppStore|x64.Build.0 = Release|Any CPU
		{E0E450CC-E066-4D50-BBD7-0D091930248F}.AppStore|x86.ActiveCfg = Release|Any CPU
		{E0E450CC-E066-4D50-BBD7-0D091930248F}.AppStore|x86.Build.0 = Release|Any CPU
		{E0E450CC-E066-4D50-BBD7-0D091930248F}.Debug|Any CPU.ActiveCfg = Debug|Any CPU
		{E0E450CC-E066-4D50-BBD7-0D091930248F}.Debug|Any CPU.Build.0 = Debug|Any CPU
		{E0E450CC-E066-4D50-BBD7-0D091930248F}.Debug|ARM.ActiveCfg = Debug|Any CPU
		{E0E450CC-E066-4D50-BBD7-0D091930248F}.Debug|ARM.Build.0 = Debug|Any CPU
		{E0E450CC-E066-4D50-BBD7-0D091930248F}.Debug|iPhone.ActiveCfg = Debug|Any CPU
		{E0E450CC-E066-4D50-BBD7-0D091930248F}.Debug|iPhone.Build.0 = Debug|Any CPU
		{E0E450CC-E066-4D50-BBD7-0D091930248F}.Debug|iPhoneSimulator.ActiveCfg = Debug|Any CPU
		{E0E450CC-E066-4D50-BBD7-0D091930248F}.Debug|iPhoneSimulator.Build.0 = Debug|Any CPU
		{E0E450CC-E066-4D50-BBD7-0D091930248F}.Debug|x64.ActiveCfg = Debug|Any CPU
		{E0E450CC-E066-4D50-BBD7-0D091930248F}.Debug|x64.Build.0 = Debug|Any CPU
		{E0E450CC-E066-4D50-BBD7-0D091930248F}.Debug|x86.ActiveCfg = Debug|Any CPU
		{E0E450CC-E066-4D50-BBD7-0D091930248F}.Debug|x86.Build.0 = Debug|Any CPU
		{E0E450CC-E066-4D50-BBD7-0D091930248F}.Release|Any CPU.ActiveCfg = Release|Any CPU
		{E0E450CC-E066-4D50-BBD7-0D091930248F}.Release|Any CPU.Build.0 = Release|Any CPU
		{E0E450CC-E066-4D50-BBD7-0D091930248F}.Release|ARM.ActiveCfg = Release|Any CPU
		{E0E450CC-E066-4D50-BBD7-0D091930248F}.Release|ARM.Build.0 = Release|Any CPU
		{E0E450CC-E066-4D50-BBD7-0D091930248F}.Release|iPhone.ActiveCfg = Release|Any CPU
		{E0E450CC-E066-4D50-BBD7-0D091930248F}.Release|iPhone.Build.0 = Release|Any CPU
		{E0E450CC-E066-4D50-BBD7-0D091930248F}.Release|iPhoneSimulator.ActiveCfg = Release|Any CPU
		{E0E450CC-E066-4D50-BBD7-0D091930248F}.Release|iPhoneSimulator.Build.0 = Release|Any CPU
		{E0E450CC-E066-4D50-BBD7-0D091930248F}.Release|x64.ActiveCfg = Release|Any CPU
		{E0E450CC-E066-4D50-BBD7-0D091930248F}.Release|x64.Build.0 = Release|Any CPU
		{E0E450CC-E066-4D50-BBD7-0D091930248F}.Release|x86.ActiveCfg = Release|Any CPU
		{E0E450CC-E066-4D50-BBD7-0D091930248F}.Release|x86.Build.0 = Release|Any CPU
		{306E9BB5-3E14-4FCF-8531-0F5B4CE5CA06}.Ad-Hoc|Any CPU.ActiveCfg = Release|Any CPU
		{306E9BB5-3E14-4FCF-8531-0F5B4CE5CA06}.Ad-Hoc|Any CPU.Build.0 = Release|Any CPU
		{306E9BB5-3E14-4FCF-8531-0F5B4CE5CA06}.Ad-Hoc|Any CPU.Deploy.0 = Release|Any CPU
		{306E9BB5-3E14-4FCF-8531-0F5B4CE5CA06}.Ad-Hoc|ARM.ActiveCfg = Release|Any CPU
		{306E9BB5-3E14-4FCF-8531-0F5B4CE5CA06}.Ad-Hoc|ARM.Build.0 = Release|Any CPU
		{306E9BB5-3E14-4FCF-8531-0F5B4CE5CA06}.Ad-Hoc|ARM.Deploy.0 = Release|Any CPU
		{306E9BB5-3E14-4FCF-8531-0F5B4CE5CA06}.Ad-Hoc|iPhone.ActiveCfg = Release|Any CPU
		{306E9BB5-3E14-4FCF-8531-0F5B4CE5CA06}.Ad-Hoc|iPhone.Build.0 = Release|Any CPU
		{306E9BB5-3E14-4FCF-8531-0F5B4CE5CA06}.Ad-Hoc|iPhone.Deploy.0 = Release|Any CPU
		{306E9BB5-3E14-4FCF-8531-0F5B4CE5CA06}.Ad-Hoc|iPhoneSimulator.ActiveCfg = Release|Any CPU
		{306E9BB5-3E14-4FCF-8531-0F5B4CE5CA06}.Ad-Hoc|iPhoneSimulator.Build.0 = Release|Any CPU
		{306E9BB5-3E14-4FCF-8531-0F5B4CE5CA06}.Ad-Hoc|iPhoneSimulator.Deploy.0 = Release|Any CPU
		{306E9BB5-3E14-4FCF-8531-0F5B4CE5CA06}.Ad-Hoc|x64.ActiveCfg = Release|Any CPU
		{306E9BB5-3E14-4FCF-8531-0F5B4CE5CA06}.Ad-Hoc|x64.Build.0 = Release|Any CPU
		{306E9BB5-3E14-4FCF-8531-0F5B4CE5CA06}.Ad-Hoc|x64.Deploy.0 = Release|Any CPU
		{306E9BB5-3E14-4FCF-8531-0F5B4CE5CA06}.Ad-Hoc|x86.ActiveCfg = Release|Any CPU
		{306E9BB5-3E14-4FCF-8531-0F5B4CE5CA06}.Ad-Hoc|x86.Build.0 = Release|Any CPU
		{306E9BB5-3E14-4FCF-8531-0F5B4CE5CA06}.Ad-Hoc|x86.Deploy.0 = Release|Any CPU
		{306E9BB5-3E14-4FCF-8531-0F5B4CE5CA06}.AppStore|Any CPU.ActiveCfg = Release|Any CPU
		{306E9BB5-3E14-4FCF-8531-0F5B4CE5CA06}.AppStore|Any CPU.Build.0 = Release|Any CPU
		{306E9BB5-3E14-4FCF-8531-0F5B4CE5CA06}.AppStore|Any CPU.Deploy.0 = Release|Any CPU
		{306E9BB5-3E14-4FCF-8531-0F5B4CE5CA06}.AppStore|ARM.ActiveCfg = Release|Any CPU
		{306E9BB5-3E14-4FCF-8531-0F5B4CE5CA06}.AppStore|ARM.Build.0 = Release|Any CPU
		{306E9BB5-3E14-4FCF-8531-0F5B4CE5CA06}.AppStore|ARM.Deploy.0 = Release|Any CPU
		{306E9BB5-3E14-4FCF-8531-0F5B4CE5CA06}.AppStore|iPhone.ActiveCfg = Release|Any CPU
		{306E9BB5-3E14-4FCF-8531-0F5B4CE5CA06}.AppStore|iPhone.Build.0 = Release|Any CPU
		{306E9BB5-3E14-4FCF-8531-0F5B4CE5CA06}.AppStore|iPhone.Deploy.0 = Release|Any CPU
		{306E9BB5-3E14-4FCF-8531-0F5B4CE5CA06}.AppStore|iPhoneSimulator.ActiveCfg = Release|Any CPU
		{306E9BB5-3E14-4FCF-8531-0F5B4CE5CA06}.AppStore|iPhoneSimulator.Build.0 = Release|Any CPU
		{306E9BB5-3E14-4FCF-8531-0F5B4CE5CA06}.AppStore|iPhoneSimulator.Deploy.0 = Release|Any CPU
		{306E9BB5-3E14-4FCF-8531-0F5B4CE5CA06}.AppStore|x64.ActiveCfg = Release|Any CPU
		{306E9BB5-3E14-4FCF-8531-0F5B4CE5CA06}.AppStore|x64.Build.0 = Release|Any CPU
		{306E9BB5-3E14-4FCF-8531-0F5B4CE5CA06}.AppStore|x64.Deploy.0 = Release|Any CPU
		{306E9BB5-3E14-4FCF-8531-0F5B4CE5CA06}.AppStore|x86.ActiveCfg = Release|Any CPU
		{306E9BB5-3E14-4FCF-8531-0F5B4CE5CA06}.AppStore|x86.Build.0 = Release|Any CPU
		{306E9BB5-3E14-4FCF-8531-0F5B4CE5CA06}.AppStore|x86.Deploy.0 = Release|Any CPU
		{306E9BB5-3E14-4FCF-8531-0F5B4CE5CA06}.Debug|Any CPU.ActiveCfg = Debug|Any CPU
		{306E9BB5-3E14-4FCF-8531-0F5B4CE5CA06}.Debug|Any CPU.Build.0 = Debug|Any CPU
		{306E9BB5-3E14-4FCF-8531-0F5B4CE5CA06}.Debug|Any CPU.Deploy.0 = Debug|Any CPU
		{306E9BB5-3E14-4FCF-8531-0F5B4CE5CA06}.Debug|ARM.ActiveCfg = Debug|Any CPU
		{306E9BB5-3E14-4FCF-8531-0F5B4CE5CA06}.Debug|ARM.Build.0 = Debug|Any CPU
		{306E9BB5-3E14-4FCF-8531-0F5B4CE5CA06}.Debug|ARM.Deploy.0 = Debug|Any CPU
		{306E9BB5-3E14-4FCF-8531-0F5B4CE5CA06}.Debug|iPhone.ActiveCfg = Debug|Any CPU
		{306E9BB5-3E14-4FCF-8531-0F5B4CE5CA06}.Debug|iPhone.Build.0 = Debug|Any CPU
		{306E9BB5-3E14-4FCF-8531-0F5B4CE5CA06}.Debug|iPhone.Deploy.0 = Debug|Any CPU
		{306E9BB5-3E14-4FCF-8531-0F5B4CE5CA06}.Debug|iPhoneSimulator.ActiveCfg = Debug|Any CPU
		{306E9BB5-3E14-4FCF-8531-0F5B4CE5CA06}.Debug|iPhoneSimulator.Build.0 = Debug|Any CPU
		{306E9BB5-3E14-4FCF-8531-0F5B4CE5CA06}.Debug|iPhoneSimulator.Deploy.0 = Debug|Any CPU
		{306E9BB5-3E14-4FCF-8531-0F5B4CE5CA06}.Debug|x64.ActiveCfg = Debug|Any CPU
		{306E9BB5-3E14-4FCF-8531-0F5B4CE5CA06}.Debug|x64.Build.0 = Debug|Any CPU
		{306E9BB5-3E14-4FCF-8531-0F5B4CE5CA06}.Debug|x64.Deploy.0 = Debug|Any CPU
		{306E9BB5-3E14-4FCF-8531-0F5B4CE5CA06}.Debug|x86.ActiveCfg = Debug|Any CPU
		{306E9BB5-3E14-4FCF-8531-0F5B4CE5CA06}.Debug|x86.Build.0 = Debug|Any CPU
		{306E9BB5-3E14-4FCF-8531-0F5B4CE5CA06}.Debug|x86.Deploy.0 = Debug|Any CPU
		{306E9BB5-3E14-4FCF-8531-0F5B4CE5CA06}.Release|Any CPU.ActiveCfg = Release|Any CPU
		{306E9BB5-3E14-4FCF-8531-0F5B4CE5CA06}.Release|Any CPU.Build.0 = Release|Any CPU
		{306E9BB5-3E14-4FCF-8531-0F5B4CE5CA06}.Release|Any CPU.Deploy.0 = Release|Any CPU
		{306E9BB5-3E14-4FCF-8531-0F5B4CE5CA06}.Release|ARM.ActiveCfg = Release|Any CPU
		{306E9BB5-3E14-4FCF-8531-0F5B4CE5CA06}.Release|ARM.Build.0 = Release|Any CPU
		{306E9BB5-3E14-4FCF-8531-0F5B4CE5CA06}.Release|ARM.Deploy.0 = Release|Any CPU
		{306E9BB5-3E14-4FCF-8531-0F5B4CE5CA06}.Release|iPhone.ActiveCfg = Release|Any CPU
		{306E9BB5-3E14-4FCF-8531-0F5B4CE5CA06}.Release|iPhone.Build.0 = Release|Any CPU
		{306E9BB5-3E14-4FCF-8531-0F5B4CE5CA06}.Release|iPhone.Deploy.0 = Release|Any CPU
		{306E9BB5-3E14-4FCF-8531-0F5B4CE5CA06}.Release|iPhoneSimulator.ActiveCfg = Release|Any CPU
		{306E9BB5-3E14-4FCF-8531-0F5B4CE5CA06}.Release|iPhoneSimulator.Build.0 = Release|Any CPU
		{306E9BB5-3E14-4FCF-8531-0F5B4CE5CA06}.Release|iPhoneSimulator.Deploy.0 = Release|Any CPU
		{306E9BB5-3E14-4FCF-8531-0F5B4CE5CA06}.Release|x64.ActiveCfg = Release|Any CPU
		{306E9BB5-3E14-4FCF-8531-0F5B4CE5CA06}.Release|x64.Build.0 = Release|Any CPU
		{306E9BB5-3E14-4FCF-8531-0F5B4CE5CA06}.Release|x64.Deploy.0 = Release|Any CPU
		{306E9BB5-3E14-4FCF-8531-0F5B4CE5CA06}.Release|x86.ActiveCfg = Release|Any CPU
		{306E9BB5-3E14-4FCF-8531-0F5B4CE5CA06}.Release|x86.Build.0 = Release|Any CPU
		{306E9BB5-3E14-4FCF-8531-0F5B4CE5CA06}.Release|x86.Deploy.0 = Release|Any CPU
		{4BDBC8FD-7F54-4E0D-A930-97E2F93750A9}.Ad-Hoc|Any CPU.ActiveCfg = Ad-Hoc|iPhone
		{4BDBC8FD-7F54-4E0D-A930-97E2F93750A9}.Ad-Hoc|ARM.ActiveCfg = Ad-Hoc|iPhone
		{4BDBC8FD-7F54-4E0D-A930-97E2F93750A9}.Ad-Hoc|iPhone.ActiveCfg = Ad-Hoc|iPhone
		{4BDBC8FD-7F54-4E0D-A930-97E2F93750A9}.Ad-Hoc|iPhone.Build.0 = Ad-Hoc|iPhone
		{4BDBC8FD-7F54-4E0D-A930-97E2F93750A9}.Ad-Hoc|iPhoneSimulator.ActiveCfg = Ad-Hoc|iPhoneSimulator
		{4BDBC8FD-7F54-4E0D-A930-97E2F93750A9}.Ad-Hoc|iPhoneSimulator.Build.0 = Ad-Hoc|iPhoneSimulator
		{4BDBC8FD-7F54-4E0D-A930-97E2F93750A9}.Ad-Hoc|x64.ActiveCfg = Ad-Hoc|iPhone
		{4BDBC8FD-7F54-4E0D-A930-97E2F93750A9}.Ad-Hoc|x86.ActiveCfg = Ad-Hoc|iPhone
		{4BDBC8FD-7F54-4E0D-A930-97E2F93750A9}.AppStore|Any CPU.ActiveCfg = AppStore|iPhone
		{4BDBC8FD-7F54-4E0D-A930-97E2F93750A9}.AppStore|ARM.ActiveCfg = AppStore|iPhone
		{4BDBC8FD-7F54-4E0D-A930-97E2F93750A9}.AppStore|iPhone.ActiveCfg = AppStore|iPhone
		{4BDBC8FD-7F54-4E0D-A930-97E2F93750A9}.AppStore|iPhone.Build.0 = AppStore|iPhone
		{4BDBC8FD-7F54-4E0D-A930-97E2F93750A9}.AppStore|iPhoneSimulator.ActiveCfg = AppStore|iPhoneSimulator
		{4BDBC8FD-7F54-4E0D-A930-97E2F93750A9}.AppStore|iPhoneSimulator.Build.0 = AppStore|iPhoneSimulator
		{4BDBC8FD-7F54-4E0D-A930-97E2F93750A9}.AppStore|x64.ActiveCfg = AppStore|iPhone
		{4BDBC8FD-7F54-4E0D-A930-97E2F93750A9}.AppStore|x86.ActiveCfg = AppStore|iPhone
		{4BDBC8FD-7F54-4E0D-A930-97E2F93750A9}.Debug|Any CPU.ActiveCfg = Debug|iPhone
		{4BDBC8FD-7F54-4E0D-A930-97E2F93750A9}.Debug|ARM.ActiveCfg = Debug|iPhone
		{4BDBC8FD-7F54-4E0D-A930-97E2F93750A9}.Debug|iPhone.ActiveCfg = Debug|iPhone
		{4BDBC8FD-7F54-4E0D-A930-97E2F93750A9}.Debug|iPhone.Build.0 = Debug|iPhone
		{4BDBC8FD-7F54-4E0D-A930-97E2F93750A9}.Debug|iPhoneSimulator.ActiveCfg = Debug|iPhoneSimulator
		{4BDBC8FD-7F54-4E0D-A930-97E2F93750A9}.Debug|iPhoneSimulator.Build.0 = Debug|iPhoneSimulator
		{4BDBC8FD-7F54-4E0D-A930-97E2F93750A9}.Debug|x64.ActiveCfg = Debug|iPhone
		{4BDBC8FD-7F54-4E0D-A930-97E2F93750A9}.Debug|x86.ActiveCfg = Debug|iPhone
		{4BDBC8FD-7F54-4E0D-A930-97E2F93750A9}.Release|Any CPU.ActiveCfg = Release|iPhone
		{4BDBC8FD-7F54-4E0D-A930-97E2F93750A9}.Release|ARM.ActiveCfg = Release|iPhone
		{4BDBC8FD-7F54-4E0D-A930-97E2F93750A9}.Release|iPhone.ActiveCfg = Release|iPhone
		{4BDBC8FD-7F54-4E0D-A930-97E2F93750A9}.Release|iPhone.Build.0 = Release|iPhone
		{4BDBC8FD-7F54-4E0D-A930-97E2F93750A9}.Release|iPhoneSimulator.ActiveCfg = Release|iPhoneSimulator
		{4BDBC8FD-7F54-4E0D-A930-97E2F93750A9}.Release|iPhoneSimulator.Build.0 = Release|iPhoneSimulator
		{4BDBC8FD-7F54-4E0D-A930-97E2F93750A9}.Release|x64.ActiveCfg = Release|iPhone
		{4BDBC8FD-7F54-4E0D-A930-97E2F93750A9}.Release|x86.ActiveCfg = Release|iPhone
		{779436AA-3C1C-475D-8816-E99CDBBBF44E}.Ad-Hoc|Any CPU.ActiveCfg = Release|x86
		{779436AA-3C1C-475D-8816-E99CDBBBF44E}.Ad-Hoc|Any CPU.Build.0 = Release|x86
		{779436AA-3C1C-475D-8816-E99CDBBBF44E}.Ad-Hoc|Any CPU.Deploy.0 = Release|x86
		{779436AA-3C1C-475D-8816-E99CDBBBF44E}.Ad-Hoc|ARM.ActiveCfg = Release|ARM
		{779436AA-3C1C-475D-8816-E99CDBBBF44E}.Ad-Hoc|ARM.Build.0 = Release|ARM
		{779436AA-3C1C-475D-8816-E99CDBBBF44E}.Ad-Hoc|ARM.Deploy.0 = Release|ARM
		{779436AA-3C1C-475D-8816-E99CDBBBF44E}.Ad-Hoc|iPhone.ActiveCfg = Release|x86
		{779436AA-3C1C-475D-8816-E99CDBBBF44E}.Ad-Hoc|iPhone.Build.0 = Release|x86
		{779436AA-3C1C-475D-8816-E99CDBBBF44E}.Ad-Hoc|iPhone.Deploy.0 = Release|x86
		{779436AA-3C1C-475D-8816-E99CDBBBF44E}.Ad-Hoc|iPhoneSimulator.ActiveCfg = Release|x86
		{779436AA-3C1C-475D-8816-E99CDBBBF44E}.Ad-Hoc|iPhoneSimulator.Build.0 = Release|x86
		{779436AA-3C1C-475D-8816-E99CDBBBF44E}.Ad-Hoc|iPhoneSimulator.Deploy.0 = Release|x86
		{779436AA-3C1C-475D-8816-E99CDBBBF44E}.Ad-Hoc|x64.ActiveCfg = Release|x64
		{779436AA-3C1C-475D-8816-E99CDBBBF44E}.Ad-Hoc|x64.Build.0 = Release|x64
		{779436AA-3C1C-475D-8816-E99CDBBBF44E}.Ad-Hoc|x64.Deploy.0 = Release|x64
		{779436AA-3C1C-475D-8816-E99CDBBBF44E}.Ad-Hoc|x86.ActiveCfg = Release|x86
		{779436AA-3C1C-475D-8816-E99CDBBBF44E}.Ad-Hoc|x86.Build.0 = Release|x86
		{779436AA-3C1C-475D-8816-E99CDBBBF44E}.Ad-Hoc|x86.Deploy.0 = Release|x86
		{779436AA-3C1C-475D-8816-E99CDBBBF44E}.AppStore|Any CPU.ActiveCfg = Release|x86
		{779436AA-3C1C-475D-8816-E99CDBBBF44E}.AppStore|Any CPU.Build.0 = Release|x86
		{779436AA-3C1C-475D-8816-E99CDBBBF44E}.AppStore|Any CPU.Deploy.0 = Release|x86
		{779436AA-3C1C-475D-8816-E99CDBBBF44E}.AppStore|ARM.ActiveCfg = Release|ARM
		{779436AA-3C1C-475D-8816-E99CDBBBF44E}.AppStore|ARM.Build.0 = Release|ARM
		{779436AA-3C1C-475D-8816-E99CDBBBF44E}.AppStore|ARM.Deploy.0 = Release|ARM
		{779436AA-3C1C-475D-8816-E99CDBBBF44E}.AppStore|iPhone.ActiveCfg = Release|x86
		{779436AA-3C1C-475D-8816-E99CDBBBF44E}.AppStore|iPhone.Build.0 = Release|x86
		{779436AA-3C1C-475D-8816-E99CDBBBF44E}.AppStore|iPhone.Deploy.0 = Release|x86
		{779436AA-3C1C-475D-8816-E99CDBBBF44E}.AppStore|iPhoneSimulator.ActiveCfg = Release|x86
		{779436AA-3C1C-475D-8816-E99CDBBBF44E}.AppStore|iPhoneSimulator.Build.0 = Release|x86
		{779436AA-3C1C-475D-8816-E99CDBBBF44E}.AppStore|iPhoneSimulator.Deploy.0 = Release|x86
		{779436AA-3C1C-475D-8816-E99CDBBBF44E}.AppStore|x64.ActiveCfg = Release|x64
		{779436AA-3C1C-475D-8816-E99CDBBBF44E}.AppStore|x64.Build.0 = Release|x64
		{779436AA-3C1C-475D-8816-E99CDBBBF44E}.AppStore|x64.Deploy.0 = Release|x64
		{779436AA-3C1C-475D-8816-E99CDBBBF44E}.AppStore|x86.ActiveCfg = Release|x86
		{779436AA-3C1C-475D-8816-E99CDBBBF44E}.AppStore|x86.Build.0 = Release|x86
		{779436AA-3C1C-475D-8816-E99CDBBBF44E}.AppStore|x86.Deploy.0 = Release|x86
		{779436AA-3C1C-475D-8816-E99CDBBBF44E}.Debug|Any CPU.ActiveCfg = Debug|x86
		{779436AA-3C1C-475D-8816-E99CDBBBF44E}.Debug|ARM.ActiveCfg = Debug|ARM
		{779436AA-3C1C-475D-8816-E99CDBBBF44E}.Debug|ARM.Build.0 = Debug|ARM
		{779436AA-3C1C-475D-8816-E99CDBBBF44E}.Debug|ARM.Deploy.0 = Debug|ARM
		{779436AA-3C1C-475D-8816-E99CDBBBF44E}.Debug|iPhone.ActiveCfg = Debug|x86
		{779436AA-3C1C-475D-8816-E99CDBBBF44E}.Debug|iPhoneSimulator.ActiveCfg = Debug|x86
		{779436AA-3C1C-475D-8816-E99CDBBBF44E}.Debug|x64.ActiveCfg = Debug|x64
		{779436AA-3C1C-475D-8816-E99CDBBBF44E}.Debug|x64.Build.0 = Debug|x64
		{779436AA-3C1C-475D-8816-E99CDBBBF44E}.Debug|x64.Deploy.0 = Debug|x64
		{779436AA-3C1C-475D-8816-E99CDBBBF44E}.Debug|x86.ActiveCfg = Debug|x86
		{779436AA-3C1C-475D-8816-E99CDBBBF44E}.Debug|x86.Build.0 = Debug|x86
		{779436AA-3C1C-475D-8816-E99CDBBBF44E}.Debug|x86.Deploy.0 = Debug|x86
		{779436AA-3C1C-475D-8816-E99CDBBBF44E}.Release|Any CPU.ActiveCfg = Release|x86
		{779436AA-3C1C-475D-8816-E99CDBBBF44E}.Release|ARM.ActiveCfg = Release|ARM
		{779436AA-3C1C-475D-8816-E99CDBBBF44E}.Release|ARM.Build.0 = Release|ARM
		{779436AA-3C1C-475D-8816-E99CDBBBF44E}.Release|ARM.Deploy.0 = Release|ARM
		{779436AA-3C1C-475D-8816-E99CDBBBF44E}.Release|iPhone.ActiveCfg = Release|x86
		{779436AA-3C1C-475D-8816-E99CDBBBF44E}.Release|iPhoneSimulator.ActiveCfg = Release|x86
		{779436AA-3C1C-475D-8816-E99CDBBBF44E}.Release|x64.ActiveCfg = Release|x64
		{779436AA-3C1C-475D-8816-E99CDBBBF44E}.Release|x64.Build.0 = Release|x64
		{779436AA-3C1C-475D-8816-E99CDBBBF44E}.Release|x64.Deploy.0 = Release|x64
		{779436AA-3C1C-475D-8816-E99CDBBBF44E}.Release|x86.ActiveCfg = Release|x86
		{779436AA-3C1C-475D-8816-E99CDBBBF44E}.Release|x86.Build.0 = Release|x86
		{779436AA-3C1C-475D-8816-E99CDBBBF44E}.Release|x86.Deploy.0 = Release|x86
		{C7D5859B-4251-4645-AE6A-D678EA2C4B64}.Ad-Hoc|Any CPU.ActiveCfg = Debug|Any CPU
		{C7D5859B-4251-4645-AE6A-D678EA2C4B64}.Ad-Hoc|Any CPU.Build.0 = Debug|Any CPU
		{C7D5859B-4251-4645-AE6A-D678EA2C4B64}.Ad-Hoc|ARM.ActiveCfg = Debug|Any CPU
		{C7D5859B-4251-4645-AE6A-D678EA2C4B64}.Ad-Hoc|ARM.Build.0 = Debug|Any CPU
		{C7D5859B-4251-4645-AE6A-D678EA2C4B64}.Ad-Hoc|iPhone.ActiveCfg = Debug|Any CPU
		{C7D5859B-4251-4645-AE6A-D678EA2C4B64}.Ad-Hoc|iPhone.Build.0 = Debug|Any CPU
		{C7D5859B-4251-4645-AE6A-D678EA2C4B64}.Ad-Hoc|iPhoneSimulator.ActiveCfg = Debug|Any CPU
		{C7D5859B-4251-4645-AE6A-D678EA2C4B64}.Ad-Hoc|iPhoneSimulator.Build.0 = Debug|Any CPU
		{C7D5859B-4251-4645-AE6A-D678EA2C4B64}.Ad-Hoc|x64.ActiveCfg = Debug|Any CPU
		{C7D5859B-4251-4645-AE6A-D678EA2C4B64}.Ad-Hoc|x64.Build.0 = Debug|Any CPU
		{C7D5859B-4251-4645-AE6A-D678EA2C4B64}.Ad-Hoc|x86.ActiveCfg = Debug|Any CPU
		{C7D5859B-4251-4645-AE6A-D678EA2C4B64}.Ad-Hoc|x86.Build.0 = Debug|Any CPU
		{C7D5859B-4251-4645-AE6A-D678EA2C4B64}.AppStore|Any CPU.ActiveCfg = Debug|Any CPU
		{C7D5859B-4251-4645-AE6A-D678EA2C4B64}.AppStore|Any CPU.Build.0 = Debug|Any CPU
		{C7D5859B-4251-4645-AE6A-D678EA2C4B64}.AppStore|ARM.ActiveCfg = Debug|Any CPU
		{C7D5859B-4251-4645-AE6A-D678EA2C4B64}.AppStore|ARM.Build.0 = Debug|Any CPU
		{C7D5859B-4251-4645-AE6A-D678EA2C4B64}.AppStore|iPhone.ActiveCfg = Debug|Any CPU
		{C7D5859B-4251-4645-AE6A-D678EA2C4B64}.AppStore|iPhone.Build.0 = Debug|Any CPU
		{C7D5859B-4251-4645-AE6A-D678EA2C4B64}.AppStore|iPhoneSimulator.ActiveCfg = Debug|Any CPU
		{C7D5859B-4251-4645-AE6A-D678EA2C4B64}.AppStore|iPhoneSimulator.Build.0 = Debug|Any CPU
		{C7D5859B-4251-4645-AE6A-D678EA2C4B64}.AppStore|x64.ActiveCfg = Debug|Any CPU
		{C7D5859B-4251-4645-AE6A-D678EA2C4B64}.AppStore|x64.Build.0 = Debug|Any CPU
		{C7D5859B-4251-4645-AE6A-D678EA2C4B64}.AppStore|x86.ActiveCfg = Debug|Any CPU
		{C7D5859B-4251-4645-AE6A-D678EA2C4B64}.AppStore|x86.Build.0 = Debug|Any CPU
		{C7D5859B-4251-4645-AE6A-D678EA2C4B64}.Debug|Any CPU.ActiveCfg = Debug|Any CPU
		{C7D5859B-4251-4645-AE6A-D678EA2C4B64}.Debug|Any CPU.Build.0 = Debug|Any CPU
		{C7D5859B-4251-4645-AE6A-D678EA2C4B64}.Debug|ARM.ActiveCfg = Debug|Any CPU
		{C7D5859B-4251-4645-AE6A-D678EA2C4B64}.Debug|ARM.Build.0 = Debug|Any CPU
		{C7D5859B-4251-4645-AE6A-D678EA2C4B64}.Debug|iPhone.ActiveCfg = Debug|Any CPU
		{C7D5859B-4251-4645-AE6A-D678EA2C4B64}.Debug|iPhone.Build.0 = Debug|Any CPU
		{C7D5859B-4251-4645-AE6A-D678EA2C4B64}.Debug|iPhoneSimulator.ActiveCfg = Debug|Any CPU
		{C7D5859B-4251-4645-AE6A-D678EA2C4B64}.Debug|iPhoneSimulator.Build.0 = Debug|Any CPU
		{C7D5859B-4251-4645-AE6A-D678EA2C4B64}.Debug|x64.ActiveCfg = Debug|Any CPU
		{C7D5859B-4251-4645-AE6A-D678EA2C4B64}.Debug|x64.Build.0 = Debug|Any CPU
		{C7D5859B-4251-4645-AE6A-D678EA2C4B64}.Debug|x86.ActiveCfg = Debug|Any CPU
		{C7D5859B-4251-4645-AE6A-D678EA2C4B64}.Debug|x86.Build.0 = Debug|Any CPU
		{C7D5859B-4251-4645-AE6A-D678EA2C4B64}.Release|Any CPU.ActiveCfg = Release|Any CPU
		{C7D5859B-4251-4645-AE6A-D678EA2C4B64}.Release|Any CPU.Build.0 = Release|Any CPU
		{C7D5859B-4251-4645-AE6A-D678EA2C4B64}.Release|ARM.ActiveCfg = Release|Any CPU
		{C7D5859B-4251-4645-AE6A-D678EA2C4B64}.Release|ARM.Build.0 = Release|Any CPU
		{C7D5859B-4251-4645-AE6A-D678EA2C4B64}.Release|iPhone.ActiveCfg = Release|Any CPU
		{C7D5859B-4251-4645-AE6A-D678EA2C4B64}.Release|iPhone.Build.0 = Release|Any CPU
		{C7D5859B-4251-4645-AE6A-D678EA2C4B64}.Release|iPhoneSimulator.ActiveCfg = Release|Any CPU
		{C7D5859B-4251-4645-AE6A-D678EA2C4B64}.Release|iPhoneSimulator.Build.0 = Release|Any CPU
		{C7D5859B-4251-4645-AE6A-D678EA2C4B64}.Release|x64.ActiveCfg = Release|Any CPU
		{C7D5859B-4251-4645-AE6A-D678EA2C4B64}.Release|x64.Build.0 = Release|Any CPU
		{C7D5859B-4251-4645-AE6A-D678EA2C4B64}.Release|x86.ActiveCfg = Release|Any CPU
		{C7D5859B-4251-4645-AE6A-D678EA2C4B64}.Release|x86.Build.0 = Release|Any CPU
	EndGlobalSection
	GlobalSection(SolutionProperties) = preSolution
		HideSolutionNode = FALSE
	EndGlobalSection
	GlobalSection(ExtensibilityGlobals) = postSolution
		SolutionGuid = {20C22069-402A-4736-82D5-71903D9FA728}
	EndGlobalSection
EndGlobal
